
Microsoft Visual Studio Solution File, Format Version 12.00
# Visual Studio Version 17
VisualStudioVersion = 17.2.32602.215
MinimumVisualStudioVersion = 10.0.40219.1
Project("{9A19103F-16F7-4668-BE54-9A1E7A4F7556}") = "MarkaKod.API", "MarkaKod.API\MarkaKod.API.csproj", "{EAA85C98-DF79-46A1-AACF-0C0B94BC2035}"
EndProject
Project("{FAE04EC0-301F-11D3-BF4B-00C04F79EFBC}") = "MarkaKod.Web", "MarkaKod.Web\MarkaKod.Web.csproj", "{DDAC72B1-3EA5-4003-99FD-C35CB857A314}"
EndProject
Project("{FAE04EC0-301F-11D3-BF4B-00C04F79EFBC}") = "MarkaKod.Model", "MarkaKod.Model\MarkaKod.Model.csproj", "{F9C1493D-3213-4EA5-B262-BF7BC1885CEE}"
EndProject
Global
	GlobalSection(SolutionConfigurationPlatforms) = preSolution
		Debug|Any CPU = Debug|Any CPU
		Release|Any CPU = Release|Any CPU
	EndGlobalSection
	GlobalSection(ProjectConfigurationPlatforms) = postSolution
		{EAA85C98-DF79-46A1-AACF-0C0B94BC2035}.Debug|Any CPU.ActiveCfg = Debug|Any CPU
		{EAA85C98-DF79-46A1-AACF-0C0B94BC2035}.Debug|Any CPU.Build.0 = Debug|Any CPU
		{EAA85C98-DF79-46A1-AACF-0C0B94BC2035}.Release|Any CPU.ActiveCfg = Release|Any CPU
		{EAA85C98-DF79-46A1-AACF-0C0B94BC2035}.Release|Any CPU.Build.0 = Release|Any CPU
		{DDAC72B1-3EA5-4003-99FD-C35CB857A314}.Debug|Any CPU.ActiveCfg = Debug|Any CPU
		{DDAC72B1-3EA5-4003-99FD-C35CB857A314}.Debug|Any CPU.Build.0 = Debug|Any CPU
		{DDAC72B1-3EA5-4003-99FD-C35CB857A314}.Release|Any CPU.ActiveCfg = Release|Any CPU
		{DDAC72B1-3EA5-4003-99FD-C35CB857A314}.Release|Any CPU.Build.0 = Release|Any CPU
		{F9C1493D-3213-4EA5-B262-BF7BC1885CEE}.Debug|Any CPU.ActiveCfg = Debug|Any CPU
		{F9C1493D-3213-4EA5-B262-BF7BC1885CEE}.Debug|Any CPU.Build.0 = Debug|Any CPU
		{F9C1493D-3213-4EA5-B262-BF7BC1885CEE}.Release|Any CPU.ActiveCfg = Release|Any CPU
		{F9C1493D-3213-4EA5-B262-BF7BC1885CEE}.Release|Any CPU.Build.0 = Release|Any CPU
	EndGlobalSection
	GlobalSection(SolutionProperties) = preSolution
		HideSolutionNode = FALSE
	EndGlobalSection
	GlobalSection(ExtensibilityGlobals) = postSolution
		SolutionGuid = {541BD20E-1B8E-4C0B-B1C9-08AA61B4C88B}
	EndGlobalSection
EndGlobal
